# This file is automatically @generated by Cargo.
# It is not intended for manual editing.
version = 3

[[package]]
name = "addr2line"
version = "0.16.0"
source = "registry+https://github.com/rust-lang/crates.io-index"
checksum = "3e61f2b7f93d2c7d2b08263acaa4a363b3e276806c68af6134c44f523bf1aacd"
dependencies = [
 "gimli",
]

[[package]]
name = "adler"
version = "1.0.2"
source = "registry+https://github.com/rust-lang/crates.io-index"
checksum = "f26201604c87b1e01bd3d98f8d5d9a8fcbb815e8cedb41ffccbeb4bf593a35fe"

[[package]]
name = "aho-corasick"
version = "1.1.3"
source = "registry+https://github.com/rust-lang/crates.io-index"
checksum = "8e60d3430d3a69478ad0993f19238d2df97c507009a52b3c10addcd7f6bcb916"
dependencies = [
 "memchr",
]

[[package]]
name = "autocfg"
version = "1.0.1"
source = "registry+https://github.com/rust-lang/crates.io-index"
checksum = "cdb031dd78e28731d87d56cc8ffef4a8f36ca26c38fe2de700543e627f8a464a"

[[package]]
name = "backtrace"
version = "0.3.61"
source = "registry+https://github.com/rust-lang/crates.io-index"
checksum = "e7a905d892734eea339e896738c14b9afce22b5318f64b951e70bf3844419b01"
dependencies = [
 "addr2line",
 "cc",
 "cfg-if",
 "libc",
 "miniz_oxide",
 "object",
 "rustc-demangle",
]

[[package]]
name = "base64"
version = "0.22.1"
source = "registry+https://github.com/rust-lang/crates.io-index"
checksum = "72b3254f16251a8381aa12e40e3c4d2f0199f8c6508fbecb9d91f575e0fbb8c6"

[[package]]
name = "bitflags"
version = "1.2.1"
source = "registry+https://github.com/rust-lang/crates.io-index"
checksum = "cf1de2fe8c75bc145a2f577add951f8134889b4795d47466a54a5c846d691693"

[[package]]
name = "bitflags"
version = "2.5.0"
source = "registry+https://github.com/rust-lang/crates.io-index"
checksum = "cf4b9d6a944f767f8e5e0db018570623c85f3d925ac718db4e06d0187adb21c1"

[[package]]
name = "bumpalo"
version = "3.7.0"
source = "registry+https://github.com/rust-lang/crates.io-index"
checksum = "9c59e7af012c713f529e7a3ee57ce9b31ddd858d4b512923602f74608b009631"

[[package]]
name = "bytes"
version = "1.6.0"
source = "registry+https://github.com/rust-lang/crates.io-index"
checksum = "514de17de45fdb8dc022b1a7975556c53c86f9f0aa5f534b98977b171857c2c9"

[[package]]
name = "cc"
version = "1.0.99"
source = "registry+https://github.com/rust-lang/crates.io-index"
checksum = "96c51067fd44124faa7f870b4b1c969379ad32b2ba805aa959430ceaa384f695"

[[package]]
name = "cfg-if"
version = "1.0.0"
source = "registry+https://github.com/rust-lang/crates.io-index"
checksum = "baf1de4339761588bc0619e3cbc0120ee582ebb74b53b4efbf79117bd2da40fd"

[[package]]
name = "checker"
version = "0.1.2"
dependencies = [
 "chrono",
 "json",
 "regex",
 "reqwest",
 "serde",
 "tokio",
 "url",
]

[[package]]
name = "chrono"
version = "0.4.19"
source = "registry+https://github.com/rust-lang/crates.io-index"
checksum = "670ad68c9088c2a963aaa298cb369688cf3f9465ce5e2d4ca10e6e0098a1ce73"
dependencies = [
 "libc",
 "num-integer",
 "num-traits",
 "serde",
 "time",
 "winapi",
]

[[package]]
name = "core-foundation"
version = "0.9.1"
source = "registry+https://github.com/rust-lang/crates.io-index"
checksum = "0a89e2ae426ea83155dccf10c0fa6b1463ef6d5fcb44cee0b224a408fa640a62"
dependencies = [
 "core-foundation-sys",
 "libc",
]

[[package]]
name = "core-foundation-sys"
version = "0.8.2"
source = "registry+https://github.com/rust-lang/crates.io-index"
checksum = "ea221b5284a47e40033bf9b66f35f984ec0ea2931eb03505246cd27a963f981b"

[[package]]
name = "encoding_rs"
version = "0.8.28"
source = "registry+https://github.com/rust-lang/crates.io-index"
checksum = "80df024fbc5ac80f87dfef0d9f5209a252f2a497f7f42944cff24d8253cac065"
dependencies = [
 "cfg-if",
]

[[package]]
name = "equivalent"
version = "1.0.1"
source = "registry+https://github.com/rust-lang/crates.io-index"
checksum = "5443807d6dff69373d433ab9ef5378ad8df50ca6298caf15de6e52e24aaf54d5"

[[package]]
name = "fnv"
version = "1.0.7"
source = "registry+https://github.com/rust-lang/crates.io-index"
checksum = "3f9eec918d3f24069decb9af1554cad7c880e2da24a9afd88aca000531ab82c1"

[[package]]
name = "foreign-types"
version = "0.3.2"
source = "registry+https://github.com/rust-lang/crates.io-index"
checksum = "f6f339eb8adc052cd2ca78910fda869aefa38d22d5cb648e6485e4d3fc06f3b1"
dependencies = [
 "foreign-types-shared",
]

[[package]]
name = "foreign-types-shared"
version = "0.1.1"
source = "registry+https://github.com/rust-lang/crates.io-index"
checksum = "00b0228411908ca8685dba7fc2cdd70ec9990a6e753e89b6ac91a84c40fbaf4b"

[[package]]
name = "form_urlencoded"
version = "1.2.1"
source = "registry+https://github.com/rust-lang/crates.io-index"
checksum = "e13624c2627564efccf4934284bdd98cbaa14e79b0b5a141218e507b3a823456"
dependencies = [
 "percent-encoding",
]

[[package]]
name = "futures-channel"
version = "0.3.16"
source = "registry+https://github.com/rust-lang/crates.io-index"
checksum = "74ed2411805f6e4e3d9bc904c95d5d423b89b3b25dc0250aa74729de20629ff9"
dependencies = [
 "futures-core",
]

[[package]]
name = "futures-core"
version = "0.3.30"
source = "registry+https://github.com/rust-lang/crates.io-index"
checksum = "dfc6580bb841c5a68e9ef15c77ccc837b40a7504914d52e47b8b0e9bbda25a1d"

[[package]]
name = "futures-sink"
version = "0.3.16"
source = "registry+https://github.com/rust-lang/crates.io-index"
checksum = "c0f30aaa67363d119812743aa5f33c201a7a66329f97d1a887022971feea4b53"

[[package]]
name = "futures-task"
version = "0.3.30"
source = "registry+https://github.com/rust-lang/crates.io-index"
checksum = "38d84fa142264698cdce1a9f9172cf383a0c82de1bddcf3092901442c4097004"

[[package]]
name = "futures-util"
version = "0.3.30"
source = "registry+https://github.com/rust-lang/crates.io-index"
checksum = "3d6401deb83407ab3da39eba7e33987a73c3df0c82b4bb5813ee871c19c41d48"
dependencies = [
 "futures-core",
 "futures-task",
 "pin-project-lite",
 "pin-utils",
]

[[package]]
name = "getrandom"
version = "0.2.15"
source = "registry+https://github.com/rust-lang/crates.io-index"
checksum = "c4567c8db10ae91089c99af84c68c38da3ec2f087c3f82960bcdbf3656b6f4d7"
dependencies = [
 "cfg-if",
 "libc",
 "wasi 0.11.0+wasi-snapshot-preview1",
]

[[package]]
name = "gimli"
version = "0.25.0"
source = "registry+https://github.com/rust-lang/crates.io-index"
checksum = "f0a01e0497841a3b2db4f8afa483cce65f7e96a3498bd6c541734792aeac8fe7"

[[package]]
name = "h2"
version = "0.4.4"
source = "registry+https://github.com/rust-lang/crates.io-index"
checksum = "816ec7294445779408f36fe57bc5b7fc1cf59664059096c65f905c1c61f58069"
dependencies = [
 "bytes",
 "fnv",
 "futures-core",
 "futures-sink",
 "futures-util",
 "http",
 "indexmap",
 "slab",
 "tokio",
 "tokio-util",
 "tracing",
]

[[package]]
name = "hashbrown"
version = "0.14.5"
source = "registry+https://github.com/rust-lang/crates.io-index"
checksum = "e5274423e17b7c9fc20b6e7e208532f9b19825d82dfd615708b70edd83df41f1"

[[package]]
name = "hermit-abi"
version = "0.3.9"
source = "registry+https://github.com/rust-lang/crates.io-index"
checksum = "d231dfb89cfffdbc30e7fc41579ed6066ad03abda9e567ccafae602b97ec5024"

[[package]]
name = "http"
version = "1.1.0"
source = "registry+https://github.com/rust-lang/crates.io-index"
checksum = "21b9ddb458710bc376481b842f5da65cdf31522de232c1ca8146abce2a358258"
dependencies = [
 "bytes",
 "fnv",
 "itoa 1.0.11",
]

[[package]]
name = "http-body"
version = "1.0.0"
source = "registry+https://github.com/rust-lang/crates.io-index"
checksum = "1cac85db508abc24a2e48553ba12a996e87244a0395ce011e62b37158745d643"
dependencies = [
 "bytes",
 "http",
]

[[package]]
name = "http-body-util"
version = "0.1.1"
source = "registry+https://github.com/rust-lang/crates.io-index"
checksum = "0475f8b2ac86659c21b64320d5d653f9efe42acd2a4e560073ec61a155a34f1d"
dependencies = [
 "bytes",
 "futures-core",
 "http",
 "http-body",
 "pin-project-lite",
]

[[package]]
name = "httparse"
version = "1.8.0"
source = "registry+https://github.com/rust-lang/crates.io-index"
checksum = "d897f394bad6a705d5f4104762e116a75639e470d80901eed05a860a95cb1904"

[[package]]
name = "hyper"
version = "1.3.1"
source = "registry+https://github.com/rust-lang/crates.io-index"
checksum = "fe575dd17d0862a9a33781c8c4696a55c320909004a67a00fb286ba8b1bc496d"
dependencies = [
 "bytes",
 "futures-channel",
 "futures-util",
 "h2",
 "http",
 "http-body",
 "httparse",
 "itoa 1.0.11",
 "pin-project-lite",
 "smallvec",
 "tokio",
 "want",
]

[[package]]
name = "hyper-rustls"
version = "0.27.2"
source = "registry+https://github.com/rust-lang/crates.io-index"
checksum = "5ee4be2c948921a1a5320b629c4193916ed787a7f7f293fd3f7f5a6c9de74155"
dependencies = [
 "futures-util",
 "http",
 "hyper",
 "hyper-util",
 "rustls",
 "rustls-pki-types",
 "tokio",
 "tokio-rustls",
 "tower-service",
]

[[package]]
name = "hyper-tls"
version = "0.6.0"
source = "registry+https://github.com/rust-lang/crates.io-index"
checksum = "70206fc6890eaca9fde8a0bf71caa2ddfc9fe045ac9e5c70df101a7dbde866e0"
dependencies = [
 "bytes",
 "http-body-util",
 "hyper",
 "hyper-util",
 "native-tls",
 "tokio",
 "tokio-native-tls",
 "tower-service",
]

[[package]]
name = "hyper-util"
version = "0.1.3"
source = "registry+https://github.com/rust-lang/crates.io-index"
checksum = "ca38ef113da30126bbff9cd1705f9273e15d45498615d138b0c20279ac7a76aa"
dependencies = [
 "bytes",
 "futures-channel",
 "futures-util",
 "http",
 "http-body",
 "hyper",
 "pin-project-lite",
 "socket2",
 "tokio",
 "tower",
 "tower-service",
 "tracing",
]

[[package]]
name = "idna"
version = "0.5.0"
source = "registry+https://github.com/rust-lang/crates.io-index"
checksum = "634d9b1461af396cad843f47fdba5597a4f9e6ddd4bfb6ff5d85028c25cb12f6"
dependencies = [
 "unicode-bidi",
 "unicode-normalization",
]

[[package]]
name = "indexmap"
version = "2.2.6"
source = "registry+https://github.com/rust-lang/crates.io-index"
checksum = "168fb715dda47215e360912c096649d23d58bf392ac62f73919e831745e40f26"
dependencies = [
 "equivalent",
 "hashbrown",
]

[[package]]
name = "ipnet"
version = "2.3.1"
source = "registry+https://github.com/rust-lang/crates.io-index"
checksum = "68f2d64f2edebec4ce84ad108148e67e1064789bee435edc5b60ad398714a3a9"

[[package]]
name = "itoa"
version = "0.4.7"
source = "registry+https://github.com/rust-lang/crates.io-index"
checksum = "dd25036021b0de88a0aff6b850051563c6516d0bf53f8638938edbb9de732736"

[[package]]
name = "itoa"
version = "1.0.11"
source = "registry+https://github.com/rust-lang/crates.io-index"
checksum = "49f1f14873335454500d59611f1cf4a4b0f786f9ac11f4312a78e4cf2566695b"

[[package]]
name = "js-sys"
version = "0.3.51"
source = "registry+https://github.com/rust-lang/crates.io-index"
checksum = "83bdfbace3a0e81a4253f73b49e960b053e396a11012cbd49b9b74d6a2b67062"
dependencies = [
 "wasm-bindgen",
]

[[package]]
name = "json"
version = "0.12.4"
source = "registry+https://github.com/rust-lang/crates.io-index"
checksum = "078e285eafdfb6c4b434e0d31e8cfcb5115b651496faca5749b88fafd4f23bfd"

[[package]]
name = "lazy_static"
version = "1.4.0"
source = "registry+https://github.com/rust-lang/crates.io-index"
checksum = "e2abad23fbc42b3700f2f279844dc832adb2b2eb069b2df918f455c4e18cc646"

[[package]]
name = "libc"
version = "0.2.154"
source = "registry+https://github.com/rust-lang/crates.io-index"
checksum = "ae743338b92ff9146ce83992f766a31066a91a8c84a45e0e9f21e7cf6de6d346"

[[package]]
name = "lock_api"
version = "0.4.6"
source = "registry+https://github.com/rust-lang/crates.io-index"
checksum = "88943dd7ef4a2e5a4bfa2753aaab3013e34ce2533d1996fb18ef591e315e2b3b"
dependencies = [
 "scopeguard",
]

[[package]]
name = "log"
version = "0.4.21"
source = "registry+https://github.com/rust-lang/crates.io-index"
checksum = "90ed8c1e510134f979dbc4f070f87d4313098b704861a105fe34231c70a3901c"

[[package]]
name = "memchr"
version = "2.7.2"
source = "registry+https://github.com/rust-lang/crates.io-index"
checksum = "6c8640c5d730cb13ebd907d8d04b52f55ac9a2eec55b440c8892f40d56c76c1d"

[[package]]
name = "mime"
version = "0.3.16"
source = "registry+https://github.com/rust-lang/crates.io-index"
checksum = "2a60c7ce501c71e03a9c9c0d35b861413ae925bd979cc7a4e30d060069aaac8d"

[[package]]
name = "miniz_oxide"
version = "0.4.4"
source = "registry+https://github.com/rust-lang/crates.io-index"
checksum = "a92518e98c078586bc6c934028adcca4c92a53d6a958196de835170a01d84e4b"
dependencies = [
 "adler",
 "autocfg",
]

[[package]]
name = "mio"
version = "1.0.1"
source = "registry+https://github.com/rust-lang/crates.io-index"
checksum = "4569e456d394deccd22ce1c1913e6ea0e54519f577285001215d33557431afe4"
dependencies = [
 "hermit-abi",
 "libc",
 "wasi 0.11.0+wasi-snapshot-preview1",
 "windows-sys 0.52.0",
]

[[package]]
name = "native-tls"
version = "0.2.11"
source = "registry+https://github.com/rust-lang/crates.io-index"
checksum = "07226173c32f2926027b63cce4bcd8076c3552846cbe7925f3aaffeac0a3b92e"
dependencies = [
 "lazy_static",
 "libc",
 "log",
 "openssl",
 "openssl-probe",
 "openssl-sys",
 "schannel",
 "security-framework",
 "security-framework-sys",
 "tempfile",
]

[[package]]
name = "num-integer"
version = "0.1.44"
source = "registry+https://github.com/rust-lang/crates.io-index"
checksum = "d2cc698a63b549a70bc047073d2949cce27cd1c7b0a4a862d08a8031bc2801db"
dependencies = [
 "autocfg",
 "num-traits",
]

[[package]]
name = "num-traits"
version = "0.2.14"
source = "registry+https://github.com/rust-lang/crates.io-index"
checksum = "9a64b1ec5cda2586e284722486d802acf1f7dbdc623e2bfc57e65ca1cd099290"
dependencies = [
 "autocfg",
]

[[package]]
name = "object"
version = "0.26.0"
source = "registry+https://github.com/rust-lang/crates.io-index"
checksum = "c55827317fb4c08822499848a14237d2874d6f139828893017237e7ab93eb386"
dependencies = [
 "memchr",
]

[[package]]
name = "once_cell"
version = "1.19.0"
source = "registry+https://github.com/rust-lang/crates.io-index"
checksum = "3fdb12b2476b595f9358c5161aa467c2438859caa136dec86c26fdd2efe17b92"

[[package]]
name = "openssl"
version = "0.10.35"
source = "registry+https://github.com/rust-lang/crates.io-index"
checksum = "549430950c79ae24e6d02e0b7404534ecf311d94cc9f861e9e4020187d13d885"
dependencies = [
 "bitflags 1.2.1",
 "cfg-if",
 "foreign-types",
 "libc",
 "once_cell",
 "openssl-sys",
]

[[package]]
name = "openssl-probe"
version = "0.1.4"
source = "registry+https://github.com/rust-lang/crates.io-index"
checksum = "28988d872ab76095a6e6ac88d99b54fd267702734fd7ffe610ca27f533ddb95a"

[[package]]
name = "openssl-sys"
version = "0.9.65"
source = "registry+https://github.com/rust-lang/crates.io-index"
checksum = "7a7907e3bfa08bb85105209cdfcb6c63d109f8f6c1ed6ca318fff5c1853fbc1d"
dependencies = [
 "autocfg",
 "cc",
 "libc",
 "pkg-config",
 "vcpkg",
]

[[package]]
name = "parking_lot"
version = "0.12.2"
source = "registry+https://github.com/rust-lang/crates.io-index"
checksum = "7e4af0ca4f6caed20e900d564c242b8e5d4903fdacf31d3daf527b66fe6f42fb"
dependencies = [
 "lock_api",
 "parking_lot_core",
]

[[package]]
name = "parking_lot_core"
version = "0.9.10"
source = "registry+https://github.com/rust-lang/crates.io-index"
checksum = "1e401f977ab385c9e4e3ab30627d6f26d00e2c73eef317493c4ec6d468726cf8"
dependencies = [
 "cfg-if",
 "libc",
 "redox_syscall 0.5.1",
 "smallvec",
 "windows-targets 0.52.5",
]

[[package]]
name = "percent-encoding"
version = "2.3.1"
source = "registry+https://github.com/rust-lang/crates.io-index"
checksum = "e3148f5046208a5d56bcfc03053e3ca6334e51da8dfb19b6cdc8b306fae3283e"

[[package]]
name = "pin-project"
version = "1.1.5"
source = "registry+https://github.com/rust-lang/crates.io-index"
checksum = "b6bf43b791c5b9e34c3d182969b4abb522f9343702850a2e57f460d00d09b4b3"
dependencies = [
 "pin-project-internal",
]

[[package]]
name = "pin-project-internal"
version = "1.1.5"
source = "registry+https://github.com/rust-lang/crates.io-index"
checksum = "2f38a4412a78282e09a2cf38d195ea5420d15ba0602cb375210efbc877243965"
dependencies = [
 "proc-macro2",
 "quote",
 "syn 2.0.60",
]

[[package]]
name = "pin-project-lite"
version = "0.2.14"
source = "registry+https://github.com/rust-lang/crates.io-index"
checksum = "bda66fc9667c18cb2758a2ac84d1167245054bcf85d5d1aaa6923f45801bdd02"

[[package]]
name = "pin-utils"
version = "0.1.0"
source = "registry+https://github.com/rust-lang/crates.io-index"
checksum = "8b870d8c151b6f2fb93e84a13146138f05d02ed11c7e7c54f8826aaaf7c9f184"

[[package]]
name = "pkg-config"
version = "0.3.19"
source = "registry+https://github.com/rust-lang/crates.io-index"
checksum = "3831453b3449ceb48b6d9c7ad7c96d5ea673e9b470a1dc578c2ce6521230884c"

[[package]]
name = "ppv-lite86"
version = "0.2.10"
source = "registry+https://github.com/rust-lang/crates.io-index"
checksum = "ac74c624d6b2d21f425f752262f42188365d7b8ff1aff74c82e45136510a4857"

[[package]]
name = "proc-macro2"
version = "1.0.81"
source = "registry+https://github.com/rust-lang/crates.io-index"
checksum = "3d1597b0c024618f09a9c3b8655b7e430397a36d23fdafec26d6965e9eec3eba"
dependencies = [
 "unicode-ident",
]

[[package]]
name = "quote"
version = "1.0.36"
source = "registry+https://github.com/rust-lang/crates.io-index"
checksum = "0fa76aaf39101c457836aec0ce2316dbdc3ab723cdda1c6bd4e6ad4208acaca7"
dependencies = [
 "proc-macro2",
]

[[package]]
name = "rand"
version = "0.8.4"
source = "registry+https://github.com/rust-lang/crates.io-index"
checksum = "2e7573632e6454cf6b99d7aac4ccca54be06da05aca2ef7423d22d27d4d4bcd8"
dependencies = [
 "libc",
 "rand_chacha",
 "rand_core",
 "rand_hc",
]

[[package]]
name = "rand_chacha"
version = "0.3.1"
source = "registry+https://github.com/rust-lang/crates.io-index"
checksum = "e6c10a63a0fa32252be49d21e7709d4d4baf8d231c2dbce1eaa8141b9b127d88"
dependencies = [
 "ppv-lite86",
 "rand_core",
]

[[package]]
name = "rand_core"
version = "0.6.3"
source = "registry+https://github.com/rust-lang/crates.io-index"
checksum = "d34f1408f55294453790c48b2f1ebbb1c5b4b7563eb1f418bcfcfdbb06ebb4e7"
dependencies = [
 "getrandom",
]

[[package]]
name = "rand_hc"
version = "0.3.1"
source = "registry+https://github.com/rust-lang/crates.io-index"
checksum = "d51e9f596de227fda2ea6c84607f5558e196eeaf43c986b724ba4fb8fdf497e7"
dependencies = [
 "rand_core",
]

[[package]]
name = "redox_syscall"
version = "0.2.9"
source = "registry+https://github.com/rust-lang/crates.io-index"
checksum = "5ab49abadf3f9e1c4bc499e8845e152ad87d2ad2d30371841171169e9d75feee"
dependencies = [
 "bitflags 1.2.1",
]

[[package]]
name = "redox_syscall"
version = "0.5.1"
source = "registry+https://github.com/rust-lang/crates.io-index"
checksum = "469052894dcb553421e483e4209ee581a45100d31b4018de03e5a7ad86374a7e"
dependencies = [
 "bitflags 2.5.0",
]

[[package]]
name = "regex"
version = "1.10.6"
source = "registry+https://github.com/rust-lang/crates.io-index"
checksum = "4219d74c6b67a3654a9fbebc4b419e22126d13d2f3c4a07ee0cb61ff79a79619"
dependencies = [
 "aho-corasick",
 "memchr",
 "regex-automata",
 "regex-syntax",
]

[[package]]
name = "regex-automata"
version = "0.4.6"
source = "registry+https://github.com/rust-lang/crates.io-index"
checksum = "86b83b8b9847f9bf95ef68afb0b8e6cdb80f498442f5179a29fad448fcc1eaea"
dependencies = [
 "aho-corasick",
 "memchr",
 "regex-syntax",
]

[[package]]
name = "regex-syntax"
version = "0.8.3"
source = "registry+https://github.com/rust-lang/crates.io-index"
checksum = "adad44e29e4c806119491a7f06f03de4d1af22c3a680dd47f1e6e179439d1f56"

[[package]]
name = "remove_dir_all"
version = "0.5.3"
source = "registry+https://github.com/rust-lang/crates.io-index"
checksum = "3acd125665422973a33ac9d3dd2df85edad0f4ae9b00dafb1a05e43a9f5ef8e7"
dependencies = [
 "winapi",
]

[[package]]
name = "reqwest"
version = "0.12.5"
source = "registry+https://github.com/rust-lang/crates.io-index"
checksum = "c7d6d2a27d57148378eb5e111173f4276ad26340ecc5c49a4a2152167a2d6a37"
dependencies = [
 "base64",
 "bytes",
 "encoding_rs",
 "futures-core",
 "futures-util",
 "h2",
 "http",
 "http-body",
 "http-body-util",
 "hyper",
 "hyper-rustls",
 "hyper-tls",
 "hyper-util",
 "ipnet",
 "js-sys",
 "log",
 "mime",
 "native-tls",
 "once_cell",
 "percent-encoding",
 "pin-project-lite",
 "rustls-pemfile",
 "serde",
 "serde_json",
 "serde_urlencoded",
 "sync_wrapper",
 "system-configuration",
 "tokio",
 "tokio-native-tls",
 "tower-service",
 "url",
 "wasm-bindgen",
 "wasm-bindgen-futures",
 "web-sys",
 "winreg",
]

[[package]]
name = "ring"
version = "0.17.8"
source = "registry+https://github.com/rust-lang/crates.io-index"
checksum = "c17fa4cb658e3583423e915b9f3acc01cceaee1860e33d59ebae66adc3a2dc0d"
dependencies = [
 "cc",
 "cfg-if",
 "getrandom",
 "libc",
 "spin",
 "untrusted",
 "windows-sys 0.52.0",
]

[[package]]
name = "rustc-demangle"
version = "0.1.23"
source = "registry+https://github.com/rust-lang/crates.io-index"
checksum = "d626bb9dae77e28219937af045c257c28bfd3f69333c512553507f5f9798cb76"

[[package]]
name = "rustls"
version = "0.23.7"
source = "registry+https://github.com/rust-lang/crates.io-index"
checksum = "ebbbdb961df0ad3f2652da8f3fdc4b36122f568f968f45ad3316f26c025c677b"
dependencies = [
 "once_cell",
 "rustls-pki-types",
 "rustls-webpki",
 "subtle",
 "zeroize",
]

[[package]]
name = "rustls-pemfile"
version = "2.1.2"
source = "registry+https://github.com/rust-lang/crates.io-index"
checksum = "29993a25686778eb88d4189742cd713c9bce943bc54251a33509dc63cbacf73d"
dependencies = [
 "base64",
 "rustls-pki-types",
]

[[package]]
name = "rustls-pki-types"
version = "1.5.0"
source = "registry+https://github.com/rust-lang/crates.io-index"
checksum = "beb461507cee2c2ff151784c52762cf4d9ff6a61f3e80968600ed24fa837fa54"

[[package]]
name = "rustls-webpki"
version = "0.102.3"
source = "registry+https://github.com/rust-lang/crates.io-index"
checksum = "f3bce581c0dd41bce533ce695a1437fa16a7ab5ac3ccfa99fe1a620a7885eabf"
dependencies = [
 "ring",
 "rustls-pki-types",
 "untrusted",
]

[[package]]
name = "ryu"
version = "1.0.5"
source = "registry+https://github.com/rust-lang/crates.io-index"
checksum = "71d301d4193d031abdd79ff7e3dd721168a9572ef3fe51a1517aba235bd8f86e"

[[package]]
name = "schannel"
version = "0.1.19"
source = "registry+https://github.com/rust-lang/crates.io-index"
checksum = "8f05ba609c234e60bee0d547fe94a4c7e9da733d1c962cf6e59efa4cd9c8bc75"
dependencies = [
 "lazy_static",
 "winapi",
]

[[package]]
name = "scopeguard"
version = "1.1.0"
source = "registry+https://github.com/rust-lang/crates.io-index"
checksum = "d29ab0c6d3fc0ee92fe66e2d99f700eab17a8d57d1c1d3b748380fb20baa78cd"

[[package]]
name = "security-framework"
version = "2.3.1"
source = "registry+https://github.com/rust-lang/crates.io-index"
checksum = "23a2ac85147a3a11d77ecf1bc7166ec0b92febfa4461c37944e180f319ece467"
dependencies = [
 "bitflags 1.2.1",
 "core-foundation",
 "core-foundation-sys",
 "libc",
 "security-framework-sys",
]

[[package]]
name = "security-framework-sys"
version = "2.3.0"
source = "registry+https://github.com/rust-lang/crates.io-index"
checksum = "7e4effb91b4b8b6fb7732e670b6cee160278ff8e6bf485c7805d9e319d76e284"
dependencies = [
 "core-foundation-sys",
 "libc",
]

[[package]]
name = "serde"
version = "1.0.208"
source = "registry+https://github.com/rust-lang/crates.io-index"
checksum = "cff085d2cb684faa248efb494c39b68e522822ac0de72ccf08109abde717cfb2"
dependencies = [
 "serde_derive",
]

[[package]]
name = "serde_derive"
version = "1.0.208"
source = "registry+https://github.com/rust-lang/crates.io-index"
checksum = "24008e81ff7613ed8e5ba0cfaf24e2c2f1e5b8a0495711e44fcd4882fca62bcf"
dependencies = [
 "proc-macro2",
 "quote",
 "syn 2.0.60",
]

[[package]]
name = "serde_json"
version = "1.0.65"
source = "registry+https://github.com/rust-lang/crates.io-index"
checksum = "28c5e91e4240b46c4c19219d6cc84784444326131a4210f496f948d5cc827a29"
dependencies = [
 "itoa 0.4.7",
 "ryu",
 "serde",
]

[[package]]
name = "serde_urlencoded"
version = "0.7.1"
source = "registry+https://github.com/rust-lang/crates.io-index"
checksum = "d3491c14715ca2294c4d6a88f15e84739788c1d030eed8c110436aafdaa2f3fd"
dependencies = [
 "form_urlencoded",
 "itoa 1.0.11",
 "ryu",
 "serde",
]

[[package]]
name = "signal-hook-registry"
version = "1.4.0"
source = "registry+https://github.com/rust-lang/crates.io-index"
checksum = "e51e73328dc4ac0c7ccbda3a494dfa03df1de2f46018127f60c693f2648455b0"
dependencies = [
 "libc",
]

[[package]]
name = "slab"
version = "0.4.3"
source = "registry+https://github.com/rust-lang/crates.io-index"
checksum = "f173ac3d1a7e3b28003f40de0b5ce7fe2710f9b9dc3fc38664cebee46b3b6527"

[[package]]
name = "smallvec"
version = "1.13.2"
source = "registry+https://github.com/rust-lang/crates.io-index"
checksum = "3c5e1a9a646d36c3599cd173a41282daf47c44583ad367b8e6837255952e5c67"

[[package]]
name = "socket2"
version = "0.5.7"
source = "registry+https://github.com/rust-lang/crates.io-index"
checksum = "ce305eb0b4296696835b71df73eb912e0f1ffd2556a501fcede6e0c50349191c"
dependencies = [
 "libc",
 "windows-sys 0.52.0",
]

[[package]]
name = "spin"
version = "0.9.8"
source = "registry+https://github.com/rust-lang/crates.io-index"
checksum = "6980e8d7511241f8acf4aebddbb1ff938df5eebe98691418c4468d0b72a96a67"

[[package]]
name = "subtle"
version = "2.5.0"
source = "registry+https://github.com/rust-lang/crates.io-index"
checksum = "81cdd64d312baedb58e21336b31bc043b77e01cc99033ce76ef539f78e965ebc"

[[package]]
name = "syn"
version = "1.0.74"
source = "registry+https://github.com/rust-lang/crates.io-index"
checksum = "1873d832550d4588c3dbc20f01361ab00bfe741048f71e3fecf145a7cc18b29c"
dependencies = [
 "proc-macro2",
 "quote",
 "unicode-xid",
]

[[package]]
name = "syn"
version = "2.0.60"
source = "registry+https://github.com/rust-lang/crates.io-index"
checksum = "909518bc7b1c9b779f1bbf07f2929d35af9f0f37e47c6e9ef7f9dddc1e1821f3"
dependencies = [
 "proc-macro2",
 "quote",
 "unicode-ident",
]

[[package]]
name = "sync_wrapper"
version = "1.0.1"
source = "registry+https://github.com/rust-lang/crates.io-index"
checksum = "a7065abeca94b6a8a577f9bd45aa0867a2238b74e8eb67cf10d492bc39351394"

[[package]]
name = "system-configuration"
version = "0.5.1"
source = "registry+https://github.com/rust-lang/crates.io-index"
checksum = "ba3a3adc5c275d719af8cb4272ea1c4a6d668a777f37e115f6d11ddbc1c8e0e7"
dependencies = [
 "bitflags 1.2.1",
 "core-foundation",
 "system-configuration-sys",
]

[[package]]
name = "system-configuration-sys"
version = "0.5.0"
source = "registry+https://github.com/rust-lang/crates.io-index"
checksum = "a75fb188eb626b924683e3b95e3a48e63551fcfb51949de2f06a9d91dbee93c9"
dependencies = [
 "core-foundation-sys",
 "libc",
]

[[package]]
name = "tempfile"
version = "3.2.0"
source = "registry+https://github.com/rust-lang/crates.io-index"
checksum = "dac1c663cfc93810f88aed9b8941d48cabf856a1b111c29a40439018d870eb22"
dependencies = [
 "cfg-if",
 "libc",
 "rand",
 "redox_syscall 0.2.9",
 "remove_dir_all",
 "winapi",
]

[[package]]
name = "time"
version = "0.1.44"
source = "registry+https://github.com/rust-lang/crates.io-index"
checksum = "6db9e6914ab8b1ae1c260a4ae7a49b6c5611b40328a735b21862567685e73255"
dependencies = [
 "libc",
 "wasi 0.10.0+wasi-snapshot-preview1",
 "winapi",
]

[[package]]
name = "tinyvec"
version = "1.6.0"
source = "registry+https://github.com/rust-lang/crates.io-index"
checksum = "87cc5ceb3875bb20c2890005a4e226a4651264a5c75edb2421b52861a0a0cb50"
dependencies = [
 "tinyvec_macros",
]

[[package]]
name = "tinyvec_macros"
version = "0.1.1"
source = "registry+https://github.com/rust-lang/crates.io-index"
checksum = "1f3ccbac311fea05f86f61904b462b55fb3df8837a366dfc601a0161d0532f20"

[[package]]
name = "tokio"
version = "1.39.3"
source = "registry+https://github.com/rust-lang/crates.io-index"
checksum = "9babc99b9923bfa4804bd74722ff02c0381021eafa4db9949217e3be8e84fff5"
dependencies = [
 "backtrace",
 "bytes",
 "libc",
 "mio",
 "parking_lot",
 "pin-project-lite",
 "signal-hook-registry",
 "socket2",
 "tokio-macros",
 "windows-sys 0.52.0",
]

[[package]]
name = "tokio-macros"
version = "2.4.0"
source = "registry+https://github.com/rust-lang/crates.io-index"
checksum = "693d596312e88961bc67d7f1f97af8a70227d9f90c31bba5806eec004978d752"
dependencies = [
 "proc-macro2",
 "quote",
 "syn 2.0.60",
]

[[package]]
name = "tokio-native-tls"
version = "0.3.0"
source = "registry+https://github.com/rust-lang/crates.io-index"
checksum = "f7d995660bd2b7f8c1568414c1126076c13fbb725c40112dc0120b78eb9b717b"
dependencies = [
 "native-tls",
 "tokio",
]

[[package]]
name = "tokio-rustls"
version = "0.26.0"
source = "registry+https://github.com/rust-lang/crates.io-index"
checksum = "0c7bc40d0e5a97695bb96e27995cd3a08538541b0a846f65bba7a359f36700d4"
dependencies = [
 "rustls",
 "rustls-pki-types",
 "tokio",
]

[[package]]
name = "tokio-util"
version = "0.7.11"
source = "registry+https://github.com/rust-lang/crates.io-index"
checksum = "9cf6b47b3771c49ac75ad09a6162f53ad4b8088b76ac60e8ec1455b31a189fe1"
dependencies = [
 "bytes",
 "futures-core",
 "futures-sink",
 "pin-project-lite",
 "tokio",
]

[[package]]
name = "tower"
version = "0.4.13"
source = "registry+https://github.com/rust-lang/crates.io-index"
checksum = "b8fa9be0de6cf49e536ce1851f987bd21a43b771b09473c3549a6c853db37c1c"
dependencies = [
 "futures-core",
 "futures-util",
 "pin-project",
 "pin-project-lite",
 "tokio",
 "tower-layer",
 "tower-service",
 "tracing",
]

[[package]]
name = "tower-layer"
version = "0.3.2"
source = "registry+https://github.com/rust-lang/crates.io-index"
checksum = "c20c8dbed6283a09604c3e69b4b7eeb54e298b8a600d4d5ecb5ad39de609f1d0"

[[package]]
name = "tower-service"
version = "0.3.1"
source = "registry+https://github.com/rust-lang/crates.io-index"
checksum = "360dfd1d6d30e05fda32ace2c8c70e9c0a9da713275777f5a4dbb8a1893930c6"

[[package]]
name = "tracing"
version = "0.1.40"
source = "registry+https://github.com/rust-lang/crates.io-index"
checksum = "c3523ab5a71916ccf420eebdf5521fcef02141234bbc0b8a49f2fdc4544364ef"
dependencies = [
 "log",
 "pin-project-lite",
 "tracing-core",
]

[[package]]
name = "tracing-core"
version = "0.1.32"
source = "registry+https://github.com/rust-lang/crates.io-index"
checksum = "c06d3da6113f116aaee68e4d601191614c9053067f9ab7f6edbcb161237daa54"
dependencies = [
 "once_cell",
]

[[package]]
name = "try-lock"
version = "0.2.3"
source = "registry+https://github.com/rust-lang/crates.io-index"
checksum = "59547bce71d9c38b83d9c0e92b6066c4253371f15005def0c30d9657f50c7642"

[[package]]
name = "unicode-bidi"
version = "0.3.15"
source = "registry+https://github.com/rust-lang/crates.io-index"
checksum = "08f95100a766bf4f8f28f90d77e0a5461bbdb219042e7679bebe79004fed8d75"

[[package]]
name = "unicode-ident"
version = "1.0.12"
source = "registry+https://github.com/rust-lang/crates.io-index"
checksum = "3354b9ac3fae1ff6755cb6db53683adb661634f67557942dea4facebec0fee4b"

[[package]]
name = "unicode-normalization"
version = "0.1.23"
source = "registry+https://github.com/rust-lang/crates.io-index"
checksum = "a56d1686db2308d901306f92a263857ef59ea39678a5458e7cb17f01415101f5"
dependencies = [
 "tinyvec",
]

[[package]]
name = "unicode-xid"
version = "0.2.2"
source = "registry+https://github.com/rust-lang/crates.io-index"
checksum = "8ccb82d61f80a663efe1f787a51b16b5a51e3314d6ac365b08639f52387b33f3"

[[package]]
name = "untrusted"
version = "0.9.0"
source = "registry+https://github.com/rust-lang/crates.io-index"
checksum = "8ecb6da28b8a351d773b68d5825ac39017e680750f980f3a1a85cd8dd28a47c1"

[[package]]
name = "url"
version = "2.5.2"
source = "registry+https://github.com/rust-lang/crates.io-index"
checksum = "22784dbdf76fdde8af1aeda5622b546b422b6fc585325248a2bf9f5e41e94d6c"
dependencies = [
 "form_urlencoded",
 "idna",
 "percent-encoding",
]

[[package]]
name = "vcpkg"
version = "0.2.15"
source = "registry+https://github.com/rust-lang/crates.io-index"
checksum = "accd4ea62f7bb7a82fe23066fb0957d48ef677f6eeb8215f372f52e48bb32426"

[[package]]
name = "want"
version = "0.3.0"
source = "registry+https://github.com/rust-lang/crates.io-index"
checksum = "1ce8a968cb1cd110d136ff8b819a556d6fb6d919363c61534f6860c7eb172ba0"
dependencies = [
 "log",
 "try-lock",
]

[[package]]
name = "wasi"
version = "0.10.0+wasi-snapshot-preview1"
source = "registry+https://github.com/rust-lang/crates.io-index"
checksum = "1a143597ca7c7793eff794def352d41792a93c481eb1042423ff7ff72ba2c31f"

[[package]]
name = "wasi"
version = "0.11.0+wasi-snapshot-preview1"
source = "registry+https://github.com/rust-lang/crates.io-index"
checksum = "9c8d87e72b64a3b4db28d11ce29237c246188f4f51057d65a7eab63b7987e423"

[[package]]
name = "wasm-bindgen"
version = "0.2.74"
source = "registry+https://github.com/rust-lang/crates.io-index"
checksum = "d54ee1d4ed486f78874278e63e4069fc1ab9f6a18ca492076ffb90c5eb2997fd"
dependencies = [
 "cfg-if",
 "wasm-bindgen-macro",
]

[[package]]
name = "wasm-bindgen-backend"
version = "0.2.74"
source = "registry+https://github.com/rust-lang/crates.io-index"
checksum = "3b33f6a0694ccfea53d94db8b2ed1c3a8a4c86dd936b13b9f0a15ec4a451b900"
dependencies = [
 "bumpalo",
 "lazy_static",
 "log",
 "proc-macro2",
 "quote",
 "syn 1.0.74",
 "wasm-bindgen-shared",
]

[[package]]
name = "wasm-bindgen-futures"
version = "0.4.24"
source = "registry+https://github.com/rust-lang/crates.io-index"
checksum = "5fba7978c679d53ce2d0ac80c8c175840feb849a161664365d1287b41f2e67f1"
dependencies = [
 "cfg-if",
 "js-sys",
 "wasm-bindgen",
 "web-sys",
]

[[package]]
name = "wasm-bindgen-macro"
version = "0.2.74"
source = "registry+https://github.com/rust-lang/crates.io-index"
checksum = "088169ca61430fe1e58b8096c24975251700e7b1f6fd91cc9d59b04fb9b18bd4"
dependencies = [
 "quote",
 "wasm-bindgen-macro-support",
]

[[package]]
name = "wasm-bindgen-macro-support"
version = "0.2.74"
source = "registry+https://github.com/rust-lang/crates.io-index"
checksum = "be2241542ff3d9f241f5e2cb6dd09b37efe786df8851c54957683a49f0987a97"
dependencies = [
 "proc-macro2",
 "quote",
 "syn 1.0.74",
 "wasm-bindgen-backend",
 "wasm-bindgen-shared",
]

[[package]]
name = "wasm-bindgen-shared"
version = "0.2.74"
source = "registry+https://github.com/rust-lang/crates.io-index"
checksum = "d7cff876b8f18eed75a66cf49b65e7f967cb354a7aa16003fb55dbfd25b44b4f"

[[package]]
name = "web-sys"
version = "0.3.51"
source = "registry+https://github.com/rust-lang/crates.io-index"
checksum = "e828417b379f3df7111d3a2a9e5753706cae29c41f7c4029ee9fd77f3e09e582"
dependencies = [
 "js-sys",
 "wasm-bindgen",
]

[[package]]
name = "winapi"
version = "0.3.9"
source = "registry+https://github.com/rust-lang/crates.io-index"
checksum = "5c839a674fcd7a98952e593242ea400abe93992746761e38641405d28b00f419"
dependencies = [
 "winapi-i686-pc-windows-gnu",
 "winapi-x86_64-pc-windows-gnu",
]

[[package]]
name = "winapi-i686-pc-windows-gnu"
version = "0.4.0"
source = "registry+https://github.com/rust-lang/crates.io-index"
checksum = "ac3b87c63620426dd9b991e5ce0329eff545bccbbb34f3be09ff6fb6ab51b7b6"

[[package]]
name = "winapi-x86_64-pc-windows-gnu"
version = "0.4.0"
source = "registry+https://github.com/rust-lang/crates.io-index"
checksum = "712e227841d057c1ee1cd2fb22fa7e5a5461ae8e48fa2ca79ec42cfc1931183f"

[[package]]
name = "windows-sys"
version = "0.48.0"
source = "registry+https://github.com/rust-lang/crates.io-index"
checksum = "677d2418bec65e3338edb076e806bc1ec15693c5d0104683f2efe857f61056a9"
dependencies = [
 "windows-targets 0.48.5",
]

[[package]]
name = "windows-sys"
version = "0.52.0"
source = "registry+https://github.com/rust-lang/crates.io-index"
checksum = "282be5f36a8ce781fad8c8ae18fa3f9beff57ec1b52cb3de0789201425d9a33d"
dependencies = [
 "windows-targets 0.52.5",
]

[[package]]
name = "windows-targets"
version = "0.48.5"
source = "registry+https://github.com/rust-lang/crates.io-index"
checksum = "9a2fa6e2155d7247be68c096456083145c183cbbbc2764150dda45a87197940c"
dependencies = [
 "windows_aarch64_gnullvm 0.48.5",
 "windows_aarch64_msvc 0.48.5",
 "windows_i686_gnu 0.48.5",
 "windows_i686_msvc 0.48.5",
 "windows_x86_64_gnu 0.48.5",
 "windows_x86_64_gnullvm 0.48.5",
 "windows_x86_64_msvc 0.48.5",
]

[[package]]
name = "windows-targets"
version = "0.52.5"
source = "registry+https://github.com/rust-lang/crates.io-index"
checksum = "6f0713a46559409d202e70e28227288446bf7841d3211583a4b53e3f6d96e7eb"
dependencies = [
 "windows_aarch64_gnullvm 0.52.5",
 "windows_aarch64_msvc 0.52.5",
 "windows_i686_gnu 0.52.5",
 "windows_i686_gnullvm",
 "windows_i686_msvc 0.52.5",
 "windows_x86_64_gnu 0.52.5",
 "windows_x86_64_gnullvm 0.52.5",
 "windows_x86_64_msvc 0.52.5",
]

[[package]]
name = "windows_aarch64_gnullvm"
version = "0.48.5"
source = "registry+https://github.com/rust-lang/crates.io-index"
checksum = "2b38e32f0abccf9987a4e3079dfb67dcd799fb61361e53e2882c3cbaf0d905d8"

[[package]]
name = "windows_aarch64_gnullvm"
version = "0.52.5"
source = "registry+https://github.com/rust-lang/crates.io-index"
checksum = "7088eed71e8b8dda258ecc8bac5fb1153c5cffaf2578fc8ff5d61e23578d3263"

[[package]]
name = "windows_aarch64_msvc"
version = "0.48.5"
source = "registry+https://github.com/rust-lang/crates.io-index"
checksum = "dc35310971f3b2dbbf3f0690a219f40e2d9afcf64f9ab7cc1be722937c26b4bc"

[[package]]
name = "windows_aarch64_msvc"
version = "0.52.5"
source = "registry+https://github.com/rust-lang/crates.io-index"
checksum = "9985fd1504e250c615ca5f281c3f7a6da76213ebd5ccc9561496568a2752afb6"

[[package]]
name = "windows_i686_gnu"
version = "0.48.5"
source = "registry+https://github.com/rust-lang/crates.io-index"
checksum = "a75915e7def60c94dcef72200b9a8e58e5091744960da64ec734a6c6e9b3743e"

[[package]]
name = "windows_i686_gnu"
version = "0.52.5"
source = "registry+https://github.com/rust-lang/crates.io-index"
checksum = "88ba073cf16d5372720ec942a8ccbf61626074c6d4dd2e745299726ce8b89670"

[[package]]
name = "windows_i686_gnullvm"
version = "0.52.5"
source = "registry+https://github.com/rust-lang/crates.io-index"
checksum = "87f4261229030a858f36b459e748ae97545d6f1ec60e5e0d6a3d32e0dc232ee9"

[[package]]
name = "windows_i686_msvc"
version = "0.48.5"
source = "registry+https://github.com/rust-lang/crates.io-index"
checksum = "8f55c233f70c4b27f66c523580f78f1004e8b5a8b659e05a4eb49d4166cca406"

[[package]]
name = "windows_i686_msvc"
version = "0.52.5"
source = "registry+https://github.com/rust-lang/crates.io-index"
checksum = "db3c2bf3d13d5b658be73463284eaf12830ac9a26a90c717b7f771dfe97487bf"

[[package]]
name = "windows_x86_64_gnu"
version = "0.48.5"
source = "registry+https://github.com/rust-lang/crates.io-index"
checksum = "53d40abd2583d23e4718fddf1ebec84dbff8381c07cae67ff7768bbf19c6718e"

[[package]]
name = "windows_x86_64_gnu"
version = "0.52.5"
source = "registry+https://github.com/rust-lang/crates.io-index"
checksum = "4e4246f76bdeff09eb48875a0fd3e2af6aada79d409d33011886d3e1581517d9"

[[package]]
name = "windows_x86_64_gnullvm"
version = "0.48.5"
source = "registry+https://github.com/rust-lang/crates.io-index"
checksum = "0b7b52767868a23d5bab768e390dc5f5c55825b6d30b86c844ff2dc7414044cc"

[[package]]
name = "windows_x86_64_gnullvm"
version = "0.52.5"
source = "registry+https://github.com/rust-lang/crates.io-index"
checksum = "852298e482cd67c356ddd9570386e2862b5673c85bd5f88df9ab6802b334c596"

[[package]]
name = "windows_x86_64_msvc"
version = "0.48.5"
source = "registry+https://github.com/rust-lang/crates.io-index"
checksum = "ed94fce61571a4006852b7389a063ab983c02eb1bb37b47f8272ce92d06d9538"

[[package]]
name = "windows_x86_64_msvc"
version = "0.52.5"
source = "registry+https://github.com/rust-lang/crates.io-index"
checksum = "bec47e5bfd1bff0eeaf6d8b485cc1074891a197ab4225d504cb7a1ab88b02bf0"

[[package]]
name = "winreg"
version = "0.52.0"
source = "registry+https://github.com/rust-lang/crates.io-index"
checksum = "a277a57398d4bfa075df44f501a17cfdf8542d224f0d36095a2adc7aee4ef0a5"
dependencies = [
 "cfg-if",
 "windows-sys 0.48.0",
]

[[package]]
name = "zeroize"
version = "1.8.1"
source = "registry+https://github.com/rust-lang/crates.io-index"
checksum = "ced3678a2879b30306d323f4542626697a464a97c0a07c9aebf7ebca65cd4dde"
